version = 1
requires-python = ">=3.12"
resolution-markers = [
    "python_full_version >= '3.13'",
    "python_full_version < '3.13'",
]

[[package]]
name = "audioop-lts"
version = "0.2.1"
source = { registry = "https://pypi.org/simple" }
sdist = { url = "https://files.pythonhosted.org/packages/dd/3b/69ff8a885e4c1c42014c2765275c4bd91fe7bc9847e9d8543dbcbb09f820/audioop_lts-0.2.1.tar.gz", hash = "sha256:e81268da0baa880431b68b1308ab7257eb33f356e57a5f9b1f915dfb13dd1387", size = 30204 }
wheels = [
    { url = "https://files.pythonhosted.org/packages/01/91/a219253cc6e92db2ebeaf5cf8197f71d995df6f6b16091d1f3ce62cb169d/audioop_lts-0.2.1-cp313-abi3-macosx_10_13_universal2.whl", hash = "sha256:fd1345ae99e17e6910f47ce7d52673c6a1a70820d78b67de1b7abb3af29c426a", size = 46252 },
    { url = "https://files.pythonhosted.org/packages/ec/f6/3cb21e0accd9e112d27cee3b1477cd04dafe88675c54ad8b0d56226c1e0b/audioop_lts-0.2.1-cp313-abi3-macosx_10_13_x86_64.whl", hash = "sha256:e175350da05d2087e12cea8e72a70a1a8b14a17e92ed2022952a4419689ede5e", size = 27183 },
    { url = "https://files.pythonhosted.org/packages/ea/7e/f94c8a6a8b2571694375b4cf94d3e5e0f529e8e6ba280fad4d8c70621f27/audioop_lts-0.2.1-cp313-abi3-macosx_11_0_arm64.whl", hash = "sha256:4a8dd6a81770f6ecf019c4b6d659e000dc26571b273953cef7cd1d5ce2ff3ae6", size = 26726 },
    { url = "https://files.pythonhosted.org/packages/ef/f8/a0e8e7a033b03fae2b16bc5aa48100b461c4f3a8a38af56d5ad579924a3a/audioop_lts-0.2.1-cp313-abi3-manylinux_2_17_aarch64.manylinux2014_aarch64.whl", hash = "sha256:d1cd3c0b6f2ca25c7d2b1c3adeecbe23e65689839ba73331ebc7d893fcda7ffe", size = 80718 },
    { url = "https://files.pythonhosted.org/packages/8f/ea/a98ebd4ed631c93b8b8f2368862cd8084d75c77a697248c24437c36a6f7e/audioop_lts-0.2.1-cp313-abi3-manylinux_2_17_ppc64le.manylinux2014_ppc64le.whl", hash = "sha256:ff3f97b3372c97782e9c6d3d7fdbe83bce8f70de719605bd7ee1839cd1ab360a", size = 88326 },
    { url = "https://files.pythonhosted.org/packages/33/79/e97a9f9daac0982aa92db1199339bd393594d9a4196ad95ae088635a105f/audioop_lts-0.2.1-cp313-abi3-manylinux_2_17_s390x.manylinux2014_s390x.whl", hash = "sha256:a351af79edefc2a1bd2234bfd8b339935f389209943043913a919df4b0f13300", size = 80539 },
    { url = "https://files.pythonhosted.org/packages/b2/d3/1051d80e6f2d6f4773f90c07e73743a1e19fcd31af58ff4e8ef0375d3a80/audioop_lts-0.2.1-cp313-abi3-manylinux_2_5_i686.manylinux1_i686.manylinux_2_17_i686.manylinux2014_i686.whl", hash = "sha256:2aeb6f96f7f6da80354330470b9134d81b4cf544cdd1c549f2f45fe964d28059", size = 78577 },
    { url = "https://files.pythonhosted.org/packages/7a/1d/54f4c58bae8dc8c64a75071c7e98e105ddaca35449376fcb0180f6e3c9df/audioop_lts-0.2.1-cp313-abi3-manylinux_2_5_x86_64.manylinux1_x86_64.manylinux_2_17_x86_64.manylinux2014_x86_64.whl", hash = "sha256:c589f06407e8340e81962575fcffbba1e92671879a221186c3d4662de9fe804e", size = 82074 },
    { url = "https://files.pythonhosted.org/packages/36/89/2e78daa7cebbea57e72c0e1927413be4db675548a537cfba6a19040d52fa/audioop_lts-0.2.1-cp313-abi3-musllinux_1_2_aarch64.whl", hash = "sha256:fbae5d6925d7c26e712f0beda5ed69ebb40e14212c185d129b8dfbfcc335eb48", size = 84210 },
    { url = "https://files.pythonhosted.org/packages/a5/57/3ff8a74df2ec2fa6d2ae06ac86e4a27d6412dbb7d0e0d41024222744c7e0/audioop_lts-0.2.1-cp313-abi3-musllinux_1_2_i686.whl", hash = "sha256:d2d5434717f33117f29b5691fbdf142d36573d751716249a288fbb96ba26a281", size = 85664 },
    { url = "https://files.pythonhosted.org/packages/16/01/21cc4e5878f6edbc8e54be4c108d7cb9cb6202313cfe98e4ece6064580dd/audioop_lts-0.2.1-cp313-abi3-musllinux_1_2_ppc64le.whl", hash = "sha256:f626a01c0a186b08f7ff61431c01c055961ee28769591efa8800beadd27a2959", size = 93255 },
    { url = "https://files.pythonhosted.org/packages/3e/28/7f7418c362a899ac3b0bf13b1fde2d4ffccfdeb6a859abd26f2d142a1d58/audioop_lts-0.2.1-cp313-abi3-musllinux_1_2_s390x.whl", hash = "sha256:05da64e73837f88ee5c6217d732d2584cf638003ac72df124740460531e95e47", size = 87760 },
    { url = "https://files.pythonhosted.org/packages/6d/d8/577a8be87dc7dd2ba568895045cee7d32e81d85a7e44a29000fe02c4d9d4/audioop_lts-0.2.1-cp313-abi3-musllinux_1_2_x86_64.whl", hash = "sha256:56b7a0a4dba8e353436f31a932f3045d108a67b5943b30f85a5563f4d8488d77", size = 84992 },
    { url = "https://files.pythonhosted.org/packages/ef/9a/4699b0c4fcf89936d2bfb5425f55f1a8b86dff4237cfcc104946c9cd9858/audioop_lts-0.2.1-cp313-abi3-win32.whl", hash = "sha256:6e899eb8874dc2413b11926b5fb3857ec0ab55222840e38016a6ba2ea9b7d5e3", size = 26059 },
    { url = "https://files.pythonhosted.org/packages/3a/1c/1f88e9c5dd4785a547ce5fd1eb83fff832c00cc0e15c04c1119b02582d06/audioop_lts-0.2.1-cp313-abi3-win_amd64.whl", hash = "sha256:64562c5c771fb0a8b6262829b9b4f37a7b886c01b4d3ecdbae1d629717db08b4", size = 30412 },
    { url = "https://files.pythonhosted.org/packages/c4/e9/c123fd29d89a6402ad261516f848437472ccc602abb59bba522af45e281b/audioop_lts-0.2.1-cp313-abi3-win_arm64.whl", hash = "sha256:c45317debeb64002e980077642afbd977773a25fa3dfd7ed0c84dccfc1fafcb0", size = 23578 },
    { url = "https://files.pythonhosted.org/packages/7a/99/bb664a99561fd4266687e5cb8965e6ec31ba4ff7002c3fce3dc5ef2709db/audioop_lts-0.2.1-cp313-cp313t-macosx_10_13_universal2.whl", hash = "sha256:3827e3fce6fee4d69d96a3d00cd2ab07f3c0d844cb1e44e26f719b34a5b15455", size = 46827 },
    { url = "https://files.pythonhosted.org/packages/c4/e3/f664171e867e0768ab982715e744430cf323f1282eb2e11ebfb6ee4c4551/audioop_lts-0.2.1-cp313-cp313t-macosx_10_13_x86_64.whl", hash = "sha256:161249db9343b3c9780ca92c0be0d1ccbfecdbccac6844f3d0d44b9c4a00a17f", size = 27479 },
    { url = "https://files.pythonhosted.org/packages/a6/0d/2a79231ff54eb20e83b47e7610462ad6a2bea4e113fae5aa91c6547e7764/audioop_lts-0.2.1-cp313-cp313t-macosx_11_0_arm64.whl", hash = "sha256:5b7b4ff9de7a44e0ad2618afdc2ac920b91f4a6d3509520ee65339d4acde5abf", size = 27056 },
    { url = "https://files.pythonhosted.org/packages/86/46/342471398283bb0634f5a6df947806a423ba74b2e29e250c7ec0e3720e4f/audioop_lts-0.2.1-cp313-cp313t-manylinux_2_17_aarch64.manylinux2014_aarch64.whl", hash = "sha256:72e37f416adb43b0ced93419de0122b42753ee74e87070777b53c5d2241e7fab", size = 87802 },
    { url = "https://files.pythonhosted.org/packages/56/44/7a85b08d4ed55517634ff19ddfbd0af05bf8bfd39a204e4445cd0e6f0cc9/audioop_lts-0.2.1-cp313-cp313t-manylinux_2_17_ppc64le.manylinux2014_ppc64le.whl", hash = "sha256:534ce808e6bab6adb65548723c8cbe189a3379245db89b9d555c4210b4aaa9b6", size = 95016 },
    { url = "https://files.pythonhosted.org/packages/a8/2a/45edbca97ea9ee9e6bbbdb8d25613a36e16a4d1e14ae01557392f15cc8d3/audioop_lts-0.2.1-cp313-cp313t-manylinux_2_17_s390x.manylinux2014_s390x.whl", hash = "sha256:d2de9b6fb8b1cf9f03990b299a9112bfdf8b86b6987003ca9e8a6c4f56d39543", size = 87394 },
    { url = "https://files.pythonhosted.org/packages/14/ae/832bcbbef2c510629593bf46739374174606e25ac7d106b08d396b74c964/audioop_lts-0.2.1-cp313-cp313t-manylinux_2_5_i686.manylinux1_i686.manylinux_2_17_i686.manylinux2014_i686.whl", hash = "sha256:f24865991b5ed4b038add5edbf424639d1358144f4e2a3e7a84bc6ba23e35074", size = 84874 },
    { url = "https://files.pythonhosted.org/packages/26/1c/8023c3490798ed2f90dfe58ec3b26d7520a243ae9c0fc751ed3c9d8dbb69/audioop_lts-0.2.1-cp313-cp313t-manylinux_2_5_x86_64.manylinux1_x86_64.manylinux_2_17_x86_64.manylinux2014_x86_64.whl", hash = "sha256:2bdb3b7912ccd57ea53197943f1bbc67262dcf29802c4a6df79ec1c715d45a78", size = 88698 },
    { url = "https://files.pythonhosted.org/packages/2c/db/5379d953d4918278b1f04a5a64b2c112bd7aae8f81021009da0dcb77173c/audioop_lts-0.2.1-cp313-cp313t-musllinux_1_2_aarch64.whl", hash = "sha256:120678b208cca1158f0a12d667af592e067f7a50df9adc4dc8f6ad8d065a93fb", size = 90401 },
    { url = "https://files.pythonhosted.org/packages/99/6e/3c45d316705ab1aec2e69543a5b5e458d0d112a93d08994347fafef03d50/audioop_lts-0.2.1-cp313-cp313t-musllinux_1_2_i686.whl", hash = "sha256:54cd4520fc830b23c7d223693ed3e1b4d464997dd3abc7c15dce9a1f9bd76ab2", size = 91864 },
    { url = "https://files.pythonhosted.org/packages/08/58/6a371d8fed4f34debdb532c0b00942a84ebf3e7ad368e5edc26931d0e251/audioop_lts-0.2.1-cp313-cp313t-musllinux_1_2_ppc64le.whl", hash = "sha256:d6bd20c7a10abcb0fb3d8aaa7508c0bf3d40dfad7515c572014da4b979d3310a", size = 98796 },
    { url = "https://files.pythonhosted.org/packages/ee/77/d637aa35497e0034ff846fd3330d1db26bc6fd9dd79c406e1341188b06a2/audioop_lts-0.2.1-cp313-cp313t-musllinux_1_2_s390x.whl", hash = "sha256:f0ed1ad9bd862539ea875fb339ecb18fcc4148f8d9908f4502df28f94d23491a", size = 94116 },
    { url = "https://files.pythonhosted.org/packages/1a/60/7afc2abf46bbcf525a6ebc0305d85ab08dc2d1e2da72c48dbb35eee5b62c/audioop_lts-0.2.1-cp313-cp313t-musllinux_1_2_x86_64.whl", hash = "sha256:e1af3ff32b8c38a7d900382646e91f2fc515fd19dea37e9392275a5cbfdbff63", size = 91520 },
    { url = "https://files.pythonhosted.org/packages/65/6d/42d40da100be1afb661fd77c2b1c0dfab08af1540df57533621aea3db52a/audioop_lts-0.2.1-cp313-cp313t-win32.whl", hash = "sha256:f51bb55122a89f7a0817d7ac2319744b4640b5b446c4c3efcea5764ea99ae509", size = 26482 },
    { url = "https://files.pythonhosted.org/packages/01/09/f08494dca79f65212f5b273aecc5a2f96691bf3307cac29acfcf84300c01/audioop_lts-0.2.1-cp313-cp313t-win_amd64.whl", hash = "sha256:f0f2f336aa2aee2bce0b0dcc32bbba9178995454c7b979cf6ce086a8801e14c7", size = 30780 },
    { url = "https://files.pythonhosted.org/packages/5d/35/be73b6015511aa0173ec595fc579133b797ad532996f2998fd6b8d1bbe6b/audioop_lts-0.2.1-cp313-cp313t-win_arm64.whl", hash = "sha256:78bfb3703388c780edf900be66e07de5a3d4105ca8e8720c5c4d67927e0b15d0", size = 23918 },
]

[[package]]
name = "cachetools"
version = "5.5.2"
source = { registry = "https://pypi.org/simple" }
sdist = { url = "https://files.pythonhosted.org/packages/6c/81/3747dad6b14fa2cf53fcf10548cf5aea6913e96fab41a3c198676f8948a5/cachetools-5.5.2.tar.gz", hash = "sha256:1a661caa9175d26759571b2e19580f9d6393969e5dfca11fdb1f947a23e640d4", size = 28380 }
wheels = [
    { url = "https://files.pythonhosted.org/packages/72/76/20fa66124dbe6be5cafeb312ece67de6b61dd91a0247d1ea13db4ebb33c2/cachetools-5.5.2-py3-none-any.whl", hash = "sha256:d26a22bcc62eb95c3beabd9f1ee5e820d3d2704fe2967cbe350e20c8ffcd3f0a", size = 10080 },
]

[[package]]
name = "certifi"
version = "2025.4.26"
source = { registry = "https://pypi.org/simple" }
sdist = { url = "https://files.pythonhosted.org/packages/e8/9e/c05b3920a3b7d20d3d3310465f50348e5b3694f4f88c6daf736eef3024c4/certifi-2025.4.26.tar.gz", hash = "sha256:0a816057ea3cdefcef70270d2c515e4506bbc954f417fa5ade2021213bb8f0c6", size = 160705 }
wheels = [
    { url = "https://files.pythonhosted.org/packages/4a/7e/3db2bd1b1f9e95f7cddca6d6e75e2f2bd9f51b1246e546d88addca0106bd/certifi-2025.4.26-py3-none-any.whl", hash = "sha256:30350364dfe371162649852c63336a15c70c6510c2ad5015b21c2345311805f3", size = 159618 },
]

[[package]]
name = "chardet"
version = "5.2.0"
source = { registry = "https://pypi.org/simple" }
sdist = { url = "https://files.pythonhosted.org/packages/f3/0d/f7b6ab21ec75897ed80c17d79b15951a719226b9fababf1e40ea74d69079/chardet-5.2.0.tar.gz", hash = "sha256:1b3b6ff479a8c414bc3fa2c0852995695c4a026dcd6d0633b2dd092ca39c1cf7", size = 2069618 }
wheels = [
    { url = "https://files.pythonhosted.org/packages/38/6f/f5fbc992a329ee4e0f288c1fe0e2ad9485ed064cac731ed2fe47dcc38cbf/chardet-5.2.0-py3-none-any.whl", hash = "sha256:e1cf59446890a00105fe7b7912492ea04b6e6f06d4b742b2c788469e34c82970", size = 199385 },
]

[[package]]
name = "charset-normalizer"
version = "3.4.2"
source = { registry = "https://pypi.org/simple" }
sdist = { url = "https://files.pythonhosted.org/packages/e4/33/89c2ced2b67d1c2a61c19c6751aa8902d46ce3dacb23600a283619f5a12d/charset_normalizer-3.4.2.tar.gz", hash = "sha256:5baececa9ecba31eff645232d59845c07aa030f0c81ee70184a90d35099a0e63", size = 126367 }
wheels = [
    { url = "https://files.pythonhosted.org/packages/d7/a4/37f4d6035c89cac7930395a35cc0f1b872e652eaafb76a6075943754f095/charset_normalizer-3.4.2-cp312-cp312-macosx_10_13_universal2.whl", hash = "sha256:0c29de6a1a95f24b9a1aa7aefd27d2487263f00dfd55a77719b530788f75cff7", size = 199936 },
    { url = "https://files.pythonhosted.org/packages/ee/8a/1a5e33b73e0d9287274f899d967907cd0bf9c343e651755d9307e0dbf2b3/charset_normalizer-3.4.2-cp312-cp312-manylinux_2_17_aarch64.manylinux2014_aarch64.whl", hash = "sha256:cddf7bd982eaa998934a91f69d182aec997c6c468898efe6679af88283b498d3", size = 143790 },
    { url = "https://files.pythonhosted.org/packages/66/52/59521f1d8e6ab1482164fa21409c5ef44da3e9f653c13ba71becdd98dec3/charset_normalizer-3.4.2-cp312-cp312-manylinux_2_17_ppc64le.manylinux2014_ppc64le.whl", hash = "sha256:fcbe676a55d7445b22c10967bceaaf0ee69407fbe0ece4d032b6eb8d4565982a", size = 153924 },
    { url = "https://files.pythonhosted.org/packages/86/2d/fb55fdf41964ec782febbf33cb64be480a6b8f16ded2dbe8db27a405c09f/charset_normalizer-3.4.2-cp312-cp312-manylinux_2_17_s390x.manylinux2014_s390x.whl", hash = "sha256:d41c4d287cfc69060fa91cae9683eacffad989f1a10811995fa309df656ec214", size = 146626 },
    { url = "https://files.pythonhosted.org/packages/8c/73/6ede2ec59bce19b3edf4209d70004253ec5f4e319f9a2e3f2f15601ed5f7/charset_normalizer-3.4.2-cp312-cp312-manylinux_2_17_x86_64.manylinux2014_x86_64.whl", hash = "sha256:4e594135de17ab3866138f496755f302b72157d115086d100c3f19370839dd3a", size = 148567 },
    { url = "https://files.pythonhosted.org/packages/09/14/957d03c6dc343c04904530b6bef4e5efae5ec7d7990a7cbb868e4595ee30/charset_normalizer-3.4.2-cp312-cp312-manylinux_2_5_i686.manylinux1_i686.manylinux_2_17_i686.manylinux2014_i686.whl", hash = "sha256:cf713fe9a71ef6fd5adf7a79670135081cd4431c2943864757f0fa3a65b1fafd", size = 150957 },
    { url = "https://files.pythonhosted.org/packages/0d/c8/8174d0e5c10ccebdcb1b53cc959591c4c722a3ad92461a273e86b9f5a302/charset_normalizer-3.4.2-cp312-cp312-musllinux_1_2_aarch64.whl", hash = "sha256:a370b3e078e418187da8c3674eddb9d983ec09445c99a3a263c2011993522981", size = 145408 },
    { url = "https://files.pythonhosted.org/packages/58/aa/8904b84bc8084ac19dc52feb4f5952c6df03ffb460a887b42615ee1382e8/charset_normalizer-3.4.2-cp312-cp312-musllinux_1_2_i686.whl", hash = "sha256:a955b438e62efdf7e0b7b52a64dc5c3396e2634baa62471768a64bc2adb73d5c", size = 153399 },
    { url = "https://files.pythonhosted.org/packages/c2/26/89ee1f0e264d201cb65cf054aca6038c03b1a0c6b4ae998070392a3ce605/charset_normalizer-3.4.2-cp312-cp312-musllinux_1_2_ppc64le.whl", hash = "sha256:7222ffd5e4de8e57e03ce2cef95a4c43c98fcb72ad86909abdfc2c17d227fc1b", size = 156815 },
    { url = "https://files.pythonhosted.org/packages/fd/07/68e95b4b345bad3dbbd3a8681737b4338ff2c9df29856a6d6d23ac4c73cb/charset_normalizer-3.4.2-cp312-cp312-musllinux_1_2_s390x.whl", hash = "sha256:bee093bf902e1d8fc0ac143c88902c3dfc8941f7ea1d6a8dd2bcb786d33db03d", size = 154537 },
    { url = "https://files.pythonhosted.org/packages/77/1a/5eefc0ce04affb98af07bc05f3bac9094513c0e23b0562d64af46a06aae4/charset_normalizer-3.4.2-cp312-cp312-musllinux_1_2_x86_64.whl", hash = "sha256:dedb8adb91d11846ee08bec4c8236c8549ac721c245678282dcb06b221aab59f", size = 149565 },
    { url = "https://files.pythonhosted.org/packages/37/a0/2410e5e6032a174c95e0806b1a6585eb21e12f445ebe239fac441995226a/charset_normalizer-3.4.2-cp312-cp312-win32.whl", hash = "sha256:db4c7bf0e07fc3b7d89ac2a5880a6a8062056801b83ff56d8464b70f65482b6c", size = 98357 },
    { url = "https://files.pythonhosted.org/packages/6c/4f/c02d5c493967af3eda9c771ad4d2bbc8df6f99ddbeb37ceea6e8716a32bc/charset_normalizer-3.4.2-cp312-cp312-win_amd64.whl", hash = "sha256:5a9979887252a82fefd3d3ed2a8e3b937a7a809f65dcb1e068b090e165bbe99e", size = 105776 },
    { url = "https://files.pythonhosted.org/packages/ea/12/a93df3366ed32db1d907d7593a94f1fe6293903e3e92967bebd6950ed12c/charset_normalizer-3.4.2-cp313-cp313-macosx_10_13_universal2.whl", hash = "sha256:926ca93accd5d36ccdabd803392ddc3e03e6d4cd1cf17deff3b989ab8e9dbcf0", size = 199622 },
    { url = "https://files.pythonhosted.org/packages/04/93/bf204e6f344c39d9937d3c13c8cd5bbfc266472e51fc8c07cb7f64fcd2de/charset_normalizer-3.4.2-cp313-cp313-manylinux_2_17_aarch64.manylinux2014_aarch64.whl", hash = "sha256:eba9904b0f38a143592d9fc0e19e2df0fa2e41c3c3745554761c5f6447eedabf", size = 143435 },
    { url = "https://files.pythonhosted.org/packages/22/2a/ea8a2095b0bafa6c5b5a55ffdc2f924455233ee7b91c69b7edfcc9e02284/charset_normalizer-3.4.2-cp313-cp313-manylinux_2_17_ppc64le.manylinux2014_ppc64le.whl", hash = "sha256:3fddb7e2c84ac87ac3a947cb4e66d143ca5863ef48e4a5ecb83bd48619e4634e", size = 153653 },
    { url = "https://files.pythonhosted.org/packages/b6/57/1b090ff183d13cef485dfbe272e2fe57622a76694061353c59da52c9a659/charset_normalizer-3.4.2-cp313-cp313-manylinux_2_17_s390x.manylinux2014_s390x.whl", hash = "sha256:98f862da73774290f251b9df8d11161b6cf25b599a66baf087c1ffe340e9bfd1", size = 146231 },
    { url = "https://files.pythonhosted.org/packages/e2/28/ffc026b26f441fc67bd21ab7f03b313ab3fe46714a14b516f931abe1a2d8/charset_normalizer-3.4.2-cp313-cp313-manylinux_2_17_x86_64.manylinux2014_x86_64.whl", hash = "sha256:6c9379d65defcab82d07b2a9dfbfc2e95bc8fe0ebb1b176a3190230a3ef0e07c", size = 148243 },
    { url = "https://files.pythonhosted.org/packages/c0/0f/9abe9bd191629c33e69e47c6ef45ef99773320e9ad8e9cb08b8ab4a8d4cb/charset_normalizer-3.4.2-cp313-cp313-manylinux_2_5_i686.manylinux1_i686.manylinux_2_17_i686.manylinux2014_i686.whl", hash = "sha256:e635b87f01ebc977342e2697d05b56632f5f879a4f15955dfe8cef2448b51691", size = 150442 },
    { url = "https://files.pythonhosted.org/packages/67/7c/a123bbcedca91d5916c056407f89a7f5e8fdfce12ba825d7d6b9954a1a3c/charset_normalizer-3.4.2-cp313-cp313-musllinux_1_2_aarch64.whl", hash = "sha256:1c95a1e2902a8b722868587c0e1184ad5c55631de5afc0eb96bc4b0d738092c0", size = 145147 },
    { url = "https://files.pythonhosted.org/packages/ec/fe/1ac556fa4899d967b83e9893788e86b6af4d83e4726511eaaad035e36595/charset_normalizer-3.4.2-cp313-cp313-musllinux_1_2_i686.whl", hash = "sha256:ef8de666d6179b009dce7bcb2ad4c4a779f113f12caf8dc77f0162c29d20490b", size = 153057 },
    { url = "https://files.pythonhosted.org/packages/2b/ff/acfc0b0a70b19e3e54febdd5301a98b72fa07635e56f24f60502e954c461/charset_normalizer-3.4.2-cp313-cp313-musllinux_1_2_ppc64le.whl", hash = "sha256:32fc0341d72e0f73f80acb0a2c94216bd704f4f0bce10aedea38f30502b271ff", size = 156454 },
    { url = "https://files.pythonhosted.org/packages/92/08/95b458ce9c740d0645feb0e96cea1f5ec946ea9c580a94adfe0b617f3573/charset_normalizer-3.4.2-cp313-cp313-musllinux_1_2_s390x.whl", hash = "sha256:289200a18fa698949d2b39c671c2cc7a24d44096784e76614899a7ccf2574b7b", size = 154174 },
    { url = "https://files.pythonhosted.org/packages/78/be/8392efc43487ac051eee6c36d5fbd63032d78f7728cb37aebcc98191f1ff/charset_normalizer-3.4.2-cp313-cp313-musllinux_1_2_x86_64.whl", hash = "sha256:4a476b06fbcf359ad25d34a057b7219281286ae2477cc5ff5e3f70a246971148", size = 149166 },
    { url = "https://files.pythonhosted.org/packages/44/96/392abd49b094d30b91d9fbda6a69519e95802250b777841cf3bda8fe136c/charset_normalizer-3.4.2-cp313-cp313-win32.whl", hash = "sha256:aaeeb6a479c7667fbe1099af9617c83aaca22182d6cf8c53966491a0f1b7ffb7", size = 98064 },
    { url = "https://files.pythonhosted.org/packages/e9/b0/0200da600134e001d91851ddc797809e2fe0ea72de90e09bec5a2fbdaccb/charset_normalizer-3.4.2-cp313-cp313-win_amd64.whl", hash = "sha256:aa6af9e7d59f9c12b33ae4e9450619cf2488e2bbe9b44030905877f0b2324980", size = 105641 },
    { url = "https://files.pythonhosted.org/packages/20/94/c5790835a017658cbfabd07f3bfb549140c3ac458cfc196323996b10095a/charset_normalizer-3.4.2-py3-none-any.whl", hash = "sha256:7f56930ab0abd1c45cd15be65cc741c28b1c9a34876ce8c17a2fa107810c0af0", size = 52626 },
]

[[package]]
name = "google-api-core"
version = "2.25.1"
source = { registry = "https://pypi.org/simple" }
dependencies = [
    { name = "google-auth" },
    { name = "googleapis-common-protos" },
    { name = "proto-plus" },
    { name = "protobuf" },
    { name = "requests" },
]
sdist = { url = "https://files.pythonhosted.org/packages/dc/21/e9d043e88222317afdbdb567165fdbc3b0aad90064c7e0c9eb0ad9955ad8/google_api_core-2.25.1.tar.gz", hash = "sha256:d2aaa0b13c78c61cb3f4282c464c046e45fbd75755683c9c525e6e8f7ed0a5e8", size = 165443 }
wheels = [
    { url = "https://files.pythonhosted.org/packages/14/4b/ead00905132820b623732b175d66354e9d3e69fcf2a5dcdab780664e7896/google_api_core-2.25.1-py3-none-any.whl", hash = "sha256:8a2a56c1fef82987a524371f99f3bd0143702fecc670c72e600c1cda6bf8dbb7", size = 160807 },
]

[[package]]
name = "google-api-python-client"
version = "2.172.0"
source = { registry = "https://pypi.org/simple" }
dependencies = [
    { name = "google-api-core" },
    { name = "google-auth" },
    { name = "google-auth-httplib2" },
    { name = "httplib2" },
    { name = "uritemplate" },
]
sdist = { url = "https://files.pythonhosted.org/packages/02/69/c0cec6be5878d4de161f64096edb3d4a2d1a838f036b8425ea8358d0dfb3/google_api_python_client-2.172.0.tar.gz", hash = "sha256:dcb3b7e067154b2aa41f1776cf86584a5739c0ac74e6ff46fc665790dca0e6a6", size = 13074841 }
wheels = [
    { url = "https://files.pythonhosted.org/packages/15/fc/8850ccf21c5df43faeaf8bba8c4149ee880b41b8dc7066e3259bcfd921ca/google_api_python_client-2.172.0-py3-none-any.whl", hash = "sha256:9f1b9a268d5dc1228207d246c673d3a09ee211b41a11521d38d9212aeaa43af7", size = 13595800 },
]

[[package]]
name = "google-auth"
version = "2.40.3"
source = { registry = "https://pypi.org/simple" }
dependencies = [
    { name = "cachetools" },
    { name = "pyasn1-modules" },
    { name = "rsa" },
]
sdist = { url = "https://files.pythonhosted.org/packages/9e/9b/e92ef23b84fa10a64ce4831390b7a4c2e53c0132568d99d4ae61d04c8855/google_auth-2.40.3.tar.gz", hash = "sha256:500c3a29adedeb36ea9cf24b8d10858e152f2412e3ca37829b3fa18e33d63b77", size = 281029 }
wheels = [
    { url = "https://files.pythonhosted.org/packages/17/63/b19553b658a1692443c62bd07e5868adaa0ad746a0751ba62c59568cd45b/google_auth-2.40.3-py2.py3-none-any.whl", hash = "sha256:1370d4593e86213563547f97a92752fc658456fe4514c809544f330fed45a7ca", size = 216137 },
]

[[package]]
name = "google-auth-httplib2"
version = "0.2.0"
source = { registry = "https://pypi.org/simple" }
dependencies = [
    { name = "google-auth" },
    { name = "httplib2" },
]
sdist = { url = "https://files.pythonhosted.org/packages/56/be/217a598a818567b28e859ff087f347475c807a5649296fb5a817c58dacef/google-auth-httplib2-0.2.0.tar.gz", hash = "sha256:38aa7badf48f974f1eb9861794e9c0cb2a0511a4ec0679b1f886d108f5640e05", size = 10842 }
wheels = [
    { url = "https://files.pythonhosted.org/packages/be/8a/fe34d2f3f9470a27b01c9e76226965863f153d5fbe276f83608562e49c04/google_auth_httplib2-0.2.0-py2.py3-none-any.whl", hash = "sha256:b65a0a2123300dd71281a7bf6e64d65a0759287df52729bdd1ae2e47dc311a3d", size = 9253 },
]

[[package]]
name = "googleapis-common-protos"
version = "1.70.0"
source = { registry = "https://pypi.org/simple" }
dependencies = [
    { name = "protobuf" },
]
sdist = { url = "https://files.pythonhosted.org/packages/39/24/33db22342cf4a2ea27c9955e6713140fedd51e8b141b5ce5260897020f1a/googleapis_common_protos-1.70.0.tar.gz", hash = "sha256:0e1b44e0ea153e6594f9f394fef15193a68aaaea2d843f83e2742717ca753257", size = 145903 }
wheels = [
    { url = "https://files.pythonhosted.org/packages/86/f1/62a193f0227cf15a920390abe675f386dec35f7ae3ffe6da582d3ade42c7/googleapis_common_protos-1.70.0-py3-none-any.whl", hash = "sha256:b8bfcca8c25a2bb253e0e0b0adaf8c00773e5e6af6fd92397576680b807e0fd8", size = 294530 },
]

[[package]]
name = "httplib2"
version = "0.22.0"
source = { registry = "https://pypi.org/simple" }
dependencies = [
    { name = "pyparsing" },
]
sdist = { url = "https://files.pythonhosted.org/packages/3d/ad/2371116b22d616c194aa25ec410c9c6c37f23599dcd590502b74db197584/httplib2-0.22.0.tar.gz", hash = "sha256:d7a10bc5ef5ab08322488bde8c726eeee5c8618723fdb399597ec58f3d82df81", size = 351116 }
wheels = [
    { url = "https://files.pythonhosted.org/packages/a8/6c/d2fbdaaa5959339d53ba38e94c123e4e84b8fbc4b84beb0e70d7c1608486/httplib2-0.22.0-py3-none-any.whl", hash = "sha256:14ae0a53c1ba8f3d37e9e27cf37eabb0fb9980f435ba405d546948b009dd64dc", size = 96854 },
]

[[package]]
name = "idna"
version = "3.10"
source = { registry = "https://pypi.org/simple" }
sdist = { url = "https://files.pythonhosted.org/packages/f1/70/7703c29685631f5a7590aa73f1f1d3fa9a380e654b86af429e0934a32f7d/idna-3.10.tar.gz", hash = "sha256:12f65c9b470abda6dc35cf8e63cc574b1c52b11df2c86030af0ac09b01b13ea9", size = 190490 }
wheels = [
    { url = "https://files.pythonhosted.org/packages/76/c6/c88e154df9c4e1a2a66ccf0005a88dfb2650c1dffb6f5ce603dfbd452ce3/idna-3.10-py3-none-any.whl", hash = "sha256:946d195a0d259cbba61165e88e65941f16e9b36ea6ddb97f00452bae8b1287d3", size = 70442 },
]

[[package]]
name = "pillow"
version = "11.2.1"
source = { registry = "https://pypi.org/simple" }
sdist = { url = "https://files.pythonhosted.org/packages/af/cb/bb5c01fcd2a69335b86c22142b2bccfc3464087efb7fd382eee5ffc7fdf7/pillow-11.2.1.tar.gz", hash = "sha256:a64dd61998416367b7ef979b73d3a85853ba9bec4c2925f74e588879a58716b6", size = 47026707 }
wheels = [
    { url = "https://files.pythonhosted.org/packages/c7/40/052610b15a1b8961f52537cc8326ca6a881408bc2bdad0d852edeb6ed33b/pillow-11.2.1-cp312-cp312-macosx_10_13_x86_64.whl", hash = "sha256:78afba22027b4accef10dbd5eed84425930ba41b3ea0a86fa8d20baaf19d807f", size = 3190185 },
    { url = "https://files.pythonhosted.org/packages/e5/7e/b86dbd35a5f938632093dc40d1682874c33dcfe832558fc80ca56bfcb774/pillow-11.2.1-cp312-cp312-macosx_11_0_arm64.whl", hash = "sha256:78092232a4ab376a35d68c4e6d5e00dfd73454bd12b230420025fbe178ee3b0b", size = 3030306 },
    { url = "https://files.pythonhosted.org/packages/a4/5c/467a161f9ed53e5eab51a42923c33051bf8d1a2af4626ac04f5166e58e0c/pillow-11.2.1-cp312-cp312-manylinux_2_17_aarch64.manylinux2014_aarch64.whl", hash = "sha256:25a5f306095c6780c52e6bbb6109624b95c5b18e40aab1c3041da3e9e0cd3e2d", size = 4416121 },
    { url = "https://files.pythonhosted.org/packages/62/73/972b7742e38ae0e2ac76ab137ca6005dcf877480da0d9d61d93b613065b4/pillow-11.2.1-cp312-cp312-manylinux_2_17_x86_64.manylinux2014_x86_64.whl", hash = "sha256:0c7b29dbd4281923a2bfe562acb734cee96bbb129e96e6972d315ed9f232bef4", size = 4501707 },
    { url = "https://files.pythonhosted.org/packages/e4/3a/427e4cb0b9e177efbc1a84798ed20498c4f233abde003c06d2650a6d60cb/pillow-11.2.1-cp312-cp312-manylinux_2_28_aarch64.whl", hash = "sha256:3e645b020f3209a0181a418bffe7b4a93171eef6c4ef6cc20980b30bebf17b7d", size = 4522921 },
    { url = "https://files.pythonhosted.org/packages/fe/7c/d8b1330458e4d2f3f45d9508796d7caf0c0d3764c00c823d10f6f1a3b76d/pillow-11.2.1-cp312-cp312-manylinux_2_28_x86_64.whl", hash = "sha256:b2dbea1012ccb784a65349f57bbc93730b96e85b42e9bf7b01ef40443db720b4", size = 4612523 },
    { url = "https://files.pythonhosted.org/packages/b3/2f/65738384e0b1acf451de5a573d8153fe84103772d139e1e0bdf1596be2ea/pillow-11.2.1-cp312-cp312-musllinux_1_2_aarch64.whl", hash = "sha256:da3104c57bbd72948d75f6a9389e6727d2ab6333c3617f0a89d72d4940aa0443", size = 4587836 },
    { url = "https://files.pythonhosted.org/packages/6a/c5/e795c9f2ddf3debb2dedd0df889f2fe4b053308bb59a3cc02a0cd144d641/pillow-11.2.1-cp312-cp312-musllinux_1_2_x86_64.whl", hash = "sha256:598174aef4589af795f66f9caab87ba4ff860ce08cd5bb447c6fc553ffee603c", size = 4669390 },
    { url = "https://files.pythonhosted.org/packages/96/ae/ca0099a3995976a9fce2f423166f7bff9b12244afdc7520f6ed38911539a/pillow-11.2.1-cp312-cp312-win32.whl", hash = "sha256:1d535df14716e7f8776b9e7fee118576d65572b4aad3ed639be9e4fa88a1cad3", size = 2332309 },
    { url = "https://files.pythonhosted.org/packages/7c/18/24bff2ad716257fc03da964c5e8f05d9790a779a8895d6566e493ccf0189/pillow-11.2.1-cp312-cp312-win_amd64.whl", hash = "sha256:14e33b28bf17c7a38eede290f77db7c664e4eb01f7869e37fa98a5aa95978941", size = 2676768 },
    { url = "https://files.pythonhosted.org/packages/da/bb/e8d656c9543276517ee40184aaa39dcb41e683bca121022f9323ae11b39d/pillow-11.2.1-cp312-cp312-win_arm64.whl", hash = "sha256:21e1470ac9e5739ff880c211fc3af01e3ae505859392bf65458c224d0bf283eb", size = 2415087 },
    { url = "https://files.pythonhosted.org/packages/36/9c/447528ee3776e7ab8897fe33697a7ff3f0475bb490c5ac1456a03dc57956/pillow-11.2.1-cp313-cp313-macosx_10_13_x86_64.whl", hash = "sha256:fdec757fea0b793056419bca3e9932eb2b0ceec90ef4813ea4c1e072c389eb28", size = 3190098 },
    { url = "https://files.pythonhosted.org/packages/b5/09/29d5cd052f7566a63e5b506fac9c60526e9ecc553825551333e1e18a4858/pillow-11.2.1-cp313-cp313-macosx_11_0_arm64.whl", hash = "sha256:b0e130705d568e2f43a17bcbe74d90958e8a16263868a12c3e0d9c8162690830", size = 3030166 },
    { url = "https://files.pythonhosted.org/packages/71/5d/446ee132ad35e7600652133f9c2840b4799bbd8e4adba881284860da0a36/pillow-11.2.1-cp313-cp313-manylinux_2_17_aarch64.manylinux2014_aarch64.whl", hash = "sha256:7bdb5e09068332578214cadd9c05e3d64d99e0e87591be22a324bdbc18925be0", size = 4408674 },
    { url = "https://files.pythonhosted.org/packages/69/5f/cbe509c0ddf91cc3a03bbacf40e5c2339c4912d16458fcb797bb47bcb269/pillow-11.2.1-cp313-cp313-manylinux_2_17_x86_64.manylinux2014_x86_64.whl", hash = "sha256:d189ba1bebfbc0c0e529159631ec72bb9e9bc041f01ec6d3233d6d82eb823bc1", size = 4496005 },
    { url = "https://files.pythonhosted.org/packages/f9/b3/dd4338d8fb8a5f312021f2977fb8198a1184893f9b00b02b75d565c33b51/pillow-11.2.1-cp313-cp313-manylinux_2_28_aarch64.whl", hash = "sha256:191955c55d8a712fab8934a42bfefbf99dd0b5875078240943f913bb66d46d9f", size = 4518707 },
    { url = "https://files.pythonhosted.org/packages/13/eb/2552ecebc0b887f539111c2cd241f538b8ff5891b8903dfe672e997529be/pillow-11.2.1-cp313-cp313-manylinux_2_28_x86_64.whl", hash = "sha256:ad275964d52e2243430472fc5d2c2334b4fc3ff9c16cb0a19254e25efa03a155", size = 4610008 },
    { url = "https://files.pythonhosted.org/packages/72/d1/924ce51bea494cb6e7959522d69d7b1c7e74f6821d84c63c3dc430cbbf3b/pillow-11.2.1-cp313-cp313-musllinux_1_2_aarch64.whl", hash = "sha256:750f96efe0597382660d8b53e90dd1dd44568a8edb51cb7f9d5d918b80d4de14", size = 4585420 },
    { url = "https://files.pythonhosted.org/packages/43/ab/8f81312d255d713b99ca37479a4cb4b0f48195e530cdc1611990eb8fd04b/pillow-11.2.1-cp313-cp313-musllinux_1_2_x86_64.whl", hash = "sha256:fe15238d3798788d00716637b3d4e7bb6bde18b26e5d08335a96e88564a36b6b", size = 4667655 },
    { url = "https://files.pythonhosted.org/packages/94/86/8f2e9d2dc3d308dfd137a07fe1cc478df0a23d42a6c4093b087e738e4827/pillow-11.2.1-cp313-cp313-win32.whl", hash = "sha256:3fe735ced9a607fee4f481423a9c36701a39719252a9bb251679635f99d0f7d2", size = 2332329 },
    { url = "https://files.pythonhosted.org/packages/6d/ec/1179083b8d6067a613e4d595359b5fdea65d0a3b7ad623fee906e1b3c4d2/pillow-11.2.1-cp313-cp313-win_amd64.whl", hash = "sha256:74ee3d7ecb3f3c05459ba95eed5efa28d6092d751ce9bf20e3e253a4e497e691", size = 2676388 },
    { url = "https://files.pythonhosted.org/packages/23/f1/2fc1e1e294de897df39fa8622d829b8828ddad938b0eaea256d65b84dd72/pillow-11.2.1-cp313-cp313-win_arm64.whl", hash = "sha256:5119225c622403afb4b44bad4c1ca6c1f98eed79db8d3bc6e4e160fc6339d66c", size = 2414950 },
    { url = "https://files.pythonhosted.org/packages/c4/3e/c328c48b3f0ead7bab765a84b4977acb29f101d10e4ef57a5e3400447c03/pillow-11.2.1-cp313-cp313t-macosx_10_13_x86_64.whl", hash = "sha256:8ce2e8411c7aaef53e6bb29fe98f28cd4fbd9a1d9be2eeea434331aac0536b22", size = 3192759 },
    { url = "https://files.pythonhosted.org/packages/18/0e/1c68532d833fc8b9f404d3a642991441d9058eccd5606eab31617f29b6d4/pillow-11.2.1-cp313-cp313t-macosx_11_0_arm64.whl", hash = "sha256:9ee66787e095127116d91dea2143db65c7bb1e232f617aa5957c0d9d2a3f23a7", size = 3033284 },
    { url = "https://files.pythonhosted.org/packages/b7/cb/6faf3fb1e7705fd2db74e070f3bf6f88693601b0ed8e81049a8266de4754/pillow-11.2.1-cp313-cp313t-manylinux_2_17_aarch64.manylinux2014_aarch64.whl", hash = "sha256:9622e3b6c1d8b551b6e6f21873bdcc55762b4b2126633014cea1803368a9aa16", size = 4445826 },
    { url = "https://files.pythonhosted.org/packages/07/94/8be03d50b70ca47fb434a358919d6a8d6580f282bbb7af7e4aa40103461d/pillow-11.2.1-cp313-cp313t-manylinux_2_17_x86_64.manylinux2014_x86_64.whl", hash = "sha256:63b5dff3a68f371ea06025a1a6966c9a1e1ee452fc8020c2cd0ea41b83e9037b", size = 4527329 },
    { url = "https://files.pythonhosted.org/packages/fd/a4/bfe78777076dc405e3bd2080bc32da5ab3945b5a25dc5d8acaa9de64a162/pillow-11.2.1-cp313-cp313t-manylinux_2_28_aarch64.whl", hash = "sha256:31df6e2d3d8fc99f993fd253e97fae451a8db2e7207acf97859732273e108406", size = 4549049 },
    { url = "https://files.pythonhosted.org/packages/65/4d/eaf9068dc687c24979e977ce5677e253624bd8b616b286f543f0c1b91662/pillow-11.2.1-cp313-cp313t-manylinux_2_28_x86_64.whl", hash = "sha256:062b7a42d672c45a70fa1f8b43d1d38ff76b63421cbbe7f88146b39e8a558d91", size = 4635408 },
    { url = "https://files.pythonhosted.org/packages/1d/26/0fd443365d9c63bc79feb219f97d935cd4b93af28353cba78d8e77b61719/pillow-11.2.1-cp313-cp313t-musllinux_1_2_aarch64.whl", hash = "sha256:4eb92eca2711ef8be42fd3f67533765d9fd043b8c80db204f16c8ea62ee1a751", size = 4614863 },
    { url = "https://files.pythonhosted.org/packages/49/65/dca4d2506be482c2c6641cacdba5c602bc76d8ceb618fd37de855653a419/pillow-11.2.1-cp313-cp313t-musllinux_1_2_x86_64.whl", hash = "sha256:f91ebf30830a48c825590aede79376cb40f110b387c17ee9bd59932c961044f9", size = 4692938 },
    { url = "https://files.pythonhosted.org/packages/b3/92/1ca0c3f09233bd7decf8f7105a1c4e3162fb9142128c74adad0fb361b7eb/pillow-11.2.1-cp313-cp313t-win32.whl", hash = "sha256:e0b55f27f584ed623221cfe995c912c61606be8513bfa0e07d2c674b4516d9dd", size = 2335774 },
    { url = "https://files.pythonhosted.org/packages/a5/ac/77525347cb43b83ae905ffe257bbe2cc6fd23acb9796639a1f56aa59d191/pillow-11.2.1-cp313-cp313t-win_amd64.whl", hash = "sha256:36d6b82164c39ce5482f649b437382c0fb2395eabc1e2b1702a6deb8ad647d6e", size = 2681895 },
    { url = "https://files.pythonhosted.org/packages/67/32/32dc030cfa91ca0fc52baebbba2e009bb001122a1daa8b6a79ad830b38d3/pillow-11.2.1-cp313-cp313t-win_arm64.whl", hash = "sha256:225c832a13326e34f212d2072982bb1adb210e0cc0b153e688743018c94a2681", size = 2417234 },
]

[[package]]
name = "proto-plus"
version = "1.26.1"
source = { registry = "https://pypi.org/simple" }
dependencies = [
    { name = "protobuf" },
]
sdist = { url = "https://files.pythonhosted.org/packages/f4/ac/87285f15f7cce6d4a008f33f1757fb5a13611ea8914eb58c3d0d26243468/proto_plus-1.26.1.tar.gz", hash = "sha256:21a515a4c4c0088a773899e23c7bbade3d18f9c66c73edd4c7ee3816bc96a012", size = 56142 }
wheels = [
    { url = "https://files.pythonhosted.org/packages/4e/6d/280c4c2ce28b1593a19ad5239c8b826871fc6ec275c21afc8e1820108039/proto_plus-1.26.1-py3-none-any.whl", hash = "sha256:13285478c2dcf2abb829db158e1047e2f1e8d63a077d94263c2b88b043c75a66", size = 50163 },
]

[[package]]
name = "protobuf"
version = "6.31.1"
source = { registry = "https://pypi.org/simple" }
sdist = { url = "https://files.pythonhosted.org/packages/52/f3/b9655a711b32c19720253f6f06326faf90580834e2e83f840472d752bc8b/protobuf-6.31.1.tar.gz", hash = "sha256:d8cac4c982f0b957a4dc73a80e2ea24fab08e679c0de9deb835f4a12d69aca9a", size = 441797 }
wheels = [
    { url = "https://files.pythonhosted.org/packages/f3/6f/6ab8e4bf962fd5570d3deaa2d5c38f0a363f57b4501047b5ebeb83ab1125/protobuf-6.31.1-cp310-abi3-win32.whl", hash = "sha256:7fa17d5a29c2e04b7d90e5e32388b8bfd0e7107cd8e616feef7ed3fa6bdab5c9", size = 423603 },
    { url = "https://files.pythonhosted.org/packages/44/3a/b15c4347dd4bf3a1b0ee882f384623e2063bb5cf9fa9d57990a4f7df2fb6/protobuf-6.31.1-cp310-abi3-win_amd64.whl", hash = "sha256:426f59d2964864a1a366254fa703b8632dcec0790d8862d30034d8245e1cd447", size = 435283 },
    { url = "https://files.pythonhosted.org/packages/6a/c9/b9689a2a250264a84e66c46d8862ba788ee7a641cdca39bccf64f59284b7/protobuf-6.31.1-cp39-abi3-macosx_10_9_universal2.whl", hash = "sha256:6f1227473dc43d44ed644425268eb7c2e488ae245d51c6866d19fe158e207402", size = 425604 },
    { url = "https://files.pythonhosted.org/packages/76/a1/7a5a94032c83375e4fe7e7f56e3976ea6ac90c5e85fac8576409e25c39c3/protobuf-6.31.1-cp39-abi3-manylinux2014_aarch64.whl", hash = "sha256:a40fc12b84c154884d7d4c4ebd675d5b3b5283e155f324049ae396b95ddebc39", size = 322115 },
    { url = "https://files.pythonhosted.org/packages/fa/b1/b59d405d64d31999244643d88c45c8241c58f17cc887e73bcb90602327f8/protobuf-6.31.1-cp39-abi3-manylinux2014_x86_64.whl", hash = "sha256:4ee898bf66f7a8b0bd21bce523814e6fbd8c6add948045ce958b73af7e8878c6", size = 321070 },
    { url = "https://files.pythonhosted.org/packages/f7/af/ab3c51ab7507a7325e98ffe691d9495ee3d3aa5f589afad65ec920d39821/protobuf-6.31.1-py3-none-any.whl", hash = "sha256:720a6c7e6b77288b85063569baae8536671b39f15cc22037ec7045658d80489e", size = 168724 },
]

[[package]]
name = "pyasn1"
version = "0.6.1"
source = { registry = "https://pypi.org/simple" }
sdist = { url = "https://files.pythonhosted.org/packages/ba/e9/01f1a64245b89f039897cb0130016d79f77d52669aae6ee7b159a6c4c018/pyasn1-0.6.1.tar.gz", hash = "sha256:6f580d2bdd84365380830acf45550f2511469f673cb4a5ae3857a3170128b034", size = 145322 }
wheels = [
    { url = "https://files.pythonhosted.org/packages/c8/f1/d6a797abb14f6283c0ddff96bbdd46937f64122b8c925cab503dd37f8214/pyasn1-0.6.1-py3-none-any.whl", hash = "sha256:0d632f46f2ba09143da3a8afe9e33fb6f92fa2320ab7e886e2d0f7672af84629", size = 83135 },
]

[[package]]
name = "pyasn1-modules"
version = "0.4.2"
source = { registry = "https://pypi.org/simple" }
dependencies = [
    { name = "pyasn1" },
]
sdist = { url = "https://files.pythonhosted.org/packages/e9/e6/78ebbb10a8c8e4b61a59249394a4a594c1a7af95593dc933a349c8d00964/pyasn1_modules-0.4.2.tar.gz", hash = "sha256:677091de870a80aae844b1ca6134f54652fa2c8c5a52aa396440ac3106e941e6", size = 307892 }
wheels = [
    { url = "https://files.pythonhosted.org/packages/47/8d/d529b5d697919ba8c11ad626e835d4039be708a35b0d22de83a269a6682c/pyasn1_modules-0.4.2-py3-none-any.whl", hash = "sha256:29253a9207ce32b64c3ac6600edc75368f98473906e8fd1043bd6b5b1de2c14a", size = 181259 },
]

[[package]]
name = "pydub"
version = "0.25.1"
source = { registry = "https://pypi.org/simple" }
sdist = { url = "https://files.pythonhosted.org/packages/fe/9a/e6bca0eed82db26562c73b5076539a4a08d3cffd19c3cc5913a3e61145fd/pydub-0.25.1.tar.gz", hash = "sha256:980a33ce9949cab2a569606b65674d748ecbca4f0796887fd6f46173a7b0d30f", size = 38326 }
wheels = [
    { url = "https://files.pythonhosted.org/packages/a6/53/d78dc063216e62fc55f6b2eebb447f6a4b0a59f55c8406376f76bf959b08/pydub-0.25.1-py2.py3-none-any.whl", hash = "sha256:65617e33033874b59d87db603aa1ed450633288aefead953b30bded59cb599a6", size = 32327 },
]

[[package]]
name = "pyparsing"
version = "3.2.3"
source = { registry = "https://pypi.org/simple" }
sdist = { url = "https://files.pythonhosted.org/packages/bb/22/f1129e69d94ffff626bdb5c835506b3a5b4f3d070f17ea295e12c2c6f60f/pyparsing-3.2.3.tar.gz", hash = "sha256:b9c13f1ab8b3b542f72e28f634bad4de758ab3ce4546e4301970ad6fa77c38be", size = 1088608 }
wheels = [
    { url = "https://files.pythonhosted.org/packages/05/e7/df2285f3d08fee213f2d041540fa4fc9ca6c2d44cf36d3a035bf2a8d2bcc/pyparsing-3.2.3-py3-none-any.whl", hash = "sha256:a749938e02d6fd0b59b356ca504a24982314bb090c383e3cf201c95ef7e2bfcf", size = 111120 },
]

[[package]]
name = "repl-nix-workspace"
version = "0.1.0"
source = { virtual = "." }
dependencies = [
    { name = "google-api-python-client" },
    { name = "pydub" },
    { name = "reportlab" },
    { name = "speechrecognition" },
]

[package.metadata]
requires-dist = [
    { name = "google-api-python-client", specifier = ">=2.172.0" },
    { name = "pydub", specifier = ">=0.25.1" },
    { name = "reportlab", specifier = ">=4.4.1" },
    { name = "speechrecognition", specifier = ">=3.14.3" },
]

[[package]]
name = "reportlab"
version = "4.4.1"
source = { registry = "https://pypi.org/simple" }
dependencies = [
    { name = "chardet" },
    { name = "pillow" },
]
sdist = { url = "https://files.pythonhosted.org/packages/7b/d8/c3366bf10a5a5fcc3467eefa9504f6aa24fcda5817b5b147eabd37a385e1/reportlab-4.4.1.tar.gz", hash = "sha256:5f9b9fc0b7a48e8912c25ccf69d26b82980ab0da718e4f583fa720e8f8f5073f", size = 3509107 }
wheels = [
    { url = "https://files.pythonhosted.org/packages/a1/2e/7994a139150abf11c8dd258feb091ad654823a83cfd9720bfdded27185c3/reportlab-4.4.1-py3-none-any.whl", hash = "sha256:9217a1c8c1917217f819718b24972a96ad0c485a1c494749562d097b58d974b7", size = 1953615 },
]

[[package]]
name = "requests"
version = "2.32.4"
source = { registry = "https://pypi.org/simple" }
dependencies = [
    { name = "certifi" },
    { name = "charset-normalizer" },
    { name = "idna" },
    { name = "urllib3" },
]
sdist = { url = "https://files.pythonhosted.org/packages/e1/0a/929373653770d8a0d7ea76c37de6e41f11eb07559b103b1c02cafb3f7cf8/requests-2.32.4.tar.gz", hash = "sha256:27d0316682c8a29834d3264820024b62a36942083d52caf2f14c0591336d3422", size = 135258 }
wheels = [
    { url = "https://files.pythonhosted.org/packages/7c/e4/56027c4a6b4ae70ca9de302488c5ca95ad4a39e190093d6c1a8ace08341b/requests-2.32.4-py3-none-any.whl", hash = "sha256:27babd3cda2a6d50b30443204ee89830707d396671944c998b5975b031ac2b2c", size = 64847 },
]

[[package]]
name = "rsa"
version = "4.9.1"
source = { registry = "https://pypi.org/simple" }
dependencies = [
    { name = "pyasn1" },
]
sdist = { url = "https://files.pythonhosted.org/packages/da/8a/22b7beea3ee0d44b1916c0c1cb0ee3af23b700b6da9f04991899d0c555d4/rsa-4.9.1.tar.gz", hash = "sha256:e7bdbfdb5497da4c07dfd35530e1a902659db6ff241e39d9953cad06ebd0ae75", size = 29034 }
wheels = [
    { url = "https://files.pythonhosted.org/packages/64/8d/0133e4eb4beed9e425d9a98ed6e081a55d195481b7632472be1af08d2f6b/rsa-4.9.1-py3-none-any.whl", hash = "sha256:68635866661c6836b8d39430f97a996acbd61bfa49406748ea243539fe239762", size = 34696 },
]

[[package]]
name = "speechrecognition"
version = "3.14.3"
source = { registry = "https://pypi.org/simple" }
dependencies = [
    { name = "audioop-lts", marker = "python_full_version >= '3.13'" },
    { name = "standard-aifc", marker = "python_full_version >= '3.13'" },
    { name = "typing-extensions" },
]
sdist = { url = "https://files.pythonhosted.org/packages/a9/7b/51d8b756aa1066b3f95bcbe3795f382f630ca9d2559ed808dada022141bf/speechrecognition-3.14.3.tar.gz", hash = "sha256:bdd2000a9897832b33095e33adfa48580787255706092e1346d1c6c36adae0a4", size = 32858109 }
wheels = [
    { url = "https://files.pythonhosted.org/packages/aa/cd/4b5f5d04c8a4e25c376858d0ad28c325f079f17c82bf379185abf45e41bf/speechrecognition-3.14.3-py3-none-any.whl", hash = "sha256:1859fbb09ae23fa759200f5b0677307f1fb16e2c5c798f4259fcc41dd5399fe6", size = 32853520 },
]

[[package]]
name = "standard-aifc"
version = "3.13.0"
source = { registry = "https://pypi.org/simple" }
dependencies = [
    { name = "audioop-lts", marker = "python_full_version >= '3.13'" },
    { name = "standard-chunk", marker = "python_full_version >= '3.13'" },
]
sdist = { url = "https://files.pythonhosted.org/packages/c4/53/6050dc3dde1671eb3db592c13b55a8005e5040131f7509cef0215212cb84/standard_aifc-3.13.0.tar.gz", hash = "sha256:64e249c7cb4b3daf2fdba4e95721f811bde8bdfc43ad9f936589b7bb2fae2e43", size = 15240 }
wheels = [
    { url = "https://files.pythonhosted.org/packages/c3/52/5fbb203394cc852334d1575cc020f6bcec768d2265355984dfd361968f36/standard_aifc-3.13.0-py3-none-any.whl", hash = "sha256:f7ae09cc57de1224a0dd8e3eb8f73830be7c3d0bc485de4c1f82b4a7f645ac66", size = 10492 },
]

[[package]]
name = "standard-chunk"
version = "3.13.0"
source = { registry = "https://pypi.org/simple" }
sdist = { url = "https://files.pythonhosted.org/packages/43/06/ce1bb165c1f111c7d23a1ad17204d67224baa69725bb6857a264db61beaf/standard_chunk-3.13.0.tar.gz", hash = "sha256:4ac345d37d7e686d2755e01836b8d98eda0d1a3ee90375e597ae43aaf064d654", size = 4672 }
wheels = [
    { url = "https://files.pythonhosted.org/packages/7a/90/a5c1084d87767d787a6caba615aa50dc587229646308d9420c960cb5e4c0/standard_chunk-3.13.0-py3-none-any.whl", hash = "sha256:17880a26c285189c644bd5bd8f8ed2bdb795d216e3293e6dbe55bbd848e2982c", size = 4944 },
]

[[package]]
name = "typing-extensions"
version = "4.14.0"
source = { registry = "https://pypi.org/simple" }
sdist = { url = "https://files.pythonhosted.org/packages/d1/bc/51647cd02527e87d05cb083ccc402f93e441606ff1f01739a62c8ad09ba5/typing_extensions-4.14.0.tar.gz", hash = "sha256:8676b788e32f02ab42d9e7c61324048ae4c6d844a399eebace3d4979d75ceef4", size = 107423 }
wheels = [
    { url = "https://files.pythonhosted.org/packages/69/e0/552843e0d356fbb5256d21449fa957fa4eff3bbc135a74a691ee70c7c5da/typing_extensions-4.14.0-py3-none-any.whl", hash = "sha256:a1514509136dd0b477638fc68d6a91497af5076466ad0fa6c338e44e359944af", size = 43839 },
]

[[package]]
name = "uritemplate"
version = "4.2.0"
source = { registry = "https://pypi.org/simple" }
sdist = { url = "https://files.pythonhosted.org/packages/98/60/f174043244c5306c9988380d2cb10009f91563fc4b31293d27e17201af56/uritemplate-4.2.0.tar.gz", hash = "sha256:480c2ed180878955863323eea31b0ede668795de182617fef9c6ca09e6ec9d0e", size = 33267 }
wheels = [
    { url = "https://files.pythonhosted.org/packages/a9/99/3ae339466c9183ea5b8ae87b34c0b897eda475d2aec2307cae60e5cd4f29/uritemplate-4.2.0-py3-none-any.whl", hash = "sha256:962201ba1c4edcab02e60f9a0d3821e82dfc5d2d6662a21abd533879bdb8a686", size = 11488 },
]

[[package]]
name = "urllib3"
version = "2.4.0"
source = { registry = "https://pypi.org/simple" }
sdist = { url = "https://files.pythonhosted.org/packages/8a/78/16493d9c386d8e60e442a35feac5e00f0913c0f4b7c217c11e8ec2ff53e0/urllib3-2.4.0.tar.gz", hash = "sha256:414bc6535b787febd7567804cc015fee39daab8ad86268f1310a9250697de466", size = 390672 }
wheels = [
    { url = "https://files.pythonhosted.org/packages/6b/11/cc635220681e93a0183390e26485430ca2c7b5f9d33b15c74c2861cb8091/urllib3-2.4.0-py3-none-any.whl", hash = "sha256:4e16665048960a0900c702d4a66415956a584919c03361cac9f1df5c5dd7e813", size = 128680 },
]
